
Microsoft Visual Studio Solution File, Format Version 12.00
# Visual Studio Version 17
VisualStudioVersion = 17.14.36310.24 d17.14
MinimumVisualStudioVersion = 10.0.40219.1
Project("{FAE04EC0-301F-11D3-BF4B-00C04F79EFBC}") = "JokesWebApp", "JokesWebApp\JokesWebApp.csproj", "{B2686A84-23A2-4CA2-BE0B-A03746805B37}"
EndProject
Global
	GlobalSection(SolutionConfigurationPlatforms) = preSolution
		Debug|Any CPU = Debug|Any CPU
		Release|Any CPU = Release|Any CPU
	EndGlobalSection
	GlobalSection(ProjectConfigurationPlatforms) = postSolution
		{B2686A84-23A2-4CA2-BE0B-A03746805B37}.Debug|Any CPU.ActiveCfg = Debug|Any CPU
		{B2686A84-23A2-4CA2-BE0B-A03746805B37}.Debug|Any CPU.Build.0 = Debug|Any CPU
		{B2686A84-23A2-4CA2-BE0B-A03746805B37}.Release|Any CPU.ActiveCfg = Release|Any CPU
		{B2686A84-23A2-4CA2-BE0B-A03746805B37}.Release|Any CPU.Build.0 = Release|Any CPU
	EndGlobalSection
	GlobalSection(SolutionProperties) = preSolution
		HideSolutionNode = FALSE
	EndGlobalSection
	GlobalSection(ExtensibilityGlobals) = postSolution
		SolutionGuid = {036FDCBE-0C15-4448-8D82-0F3AE69BB422}
	EndGlobalSection
EndGlobal
